// !$*UTF8*$!
{
	archiveVersion = 1;
	classes = {
	};
	objectVersion = 56;
	objects = {

/* Begin PBXBuildFile section */
		0F3F2F0B2B8E7B44007AC547 /* DiscoverView.swift in Sources */ = {isa = PBXBuildFile; fileRef = 0F3F2F0A2B8E7B44007AC547 /* DiscoverView.swift */; };
		0F3F2F0D2B8E8106007AC547 /* User.swift in Sources */ = {isa = PBXBuildFile; fileRef = 0F3F2F0C2B8E8106007AC547 /* User.swift */; };
		0F3F2F0F2B8E89D1007AC547 /* CurrentProfileView.swift in Sources */ = {isa = PBXBuildFile; fileRef = 0F3F2F0E2B8E89D1007AC547 /* CurrentProfileView.swift */; };
		0F3F2F112B8EE191007AC547 /* AudioPosts.swift in Sources */ = {isa = PBXBuildFile; fileRef = 0F3F2F102B8EE191007AC547 /* AudioPosts.swift */; };
		0F3F2F132B8F2F68007AC547 /* TabBar2.0.swift in Sources */ = {isa = PBXBuildFile; fileRef = 0F3F2F122B8F2F68007AC547 /* TabBar2.0.swift */; };
		0F3F2F152B8F3935007AC547 /* ColabView.swift in Sources */ = {isa = PBXBuildFile; fileRef = 0F3F2F142B8F3935007AC547 /* ColabView.swift */; };
		0F3F2F172B8F3E24007AC547 /* Groups.swift in Sources */ = {isa = PBXBuildFile; fileRef = 0F3F2F162B8F3E24007AC547 /* Groups.swift */; };
		0F3F2F192B8F4597007AC547 /* TrackLibraryView.swift in Sources */ = {isa = PBXBuildFile; fileRef = 0F3F2F182B8F4597007AC547 /* TrackLibraryView.swift */; };
		0F3F2F1B2B8F49CF007AC547 /* ShareAudioFile.swift in Sources */ = {isa = PBXBuildFile; fileRef = 0F3F2F1A2B8F49CF007AC547 /* ShareAudioFile.swift */; };
		0F3F2F1E2B8FDC98007AC547 /* MusicPlayerView.swift in Sources */ = {isa = PBXBuildFile; fileRef = 0F3F2F1D2B8FDC98007AC547 /* MusicPlayerView.swift */; };
		0FB120962B8DE8B700F28F32 /* BeatOven2ndApp.swift in Sources */ = {isa = PBXBuildFile; fileRef = 0FB120952B8DE8B700F28F32 /* BeatOven2ndApp.swift */; };
		0FB120982B8DE8B700F28F32 /* ContentView.swift in Sources */ = {isa = PBXBuildFile; fileRef = 0FB120972B8DE8B700F28F32 /* ContentView.swift */; };
		0FB1209A2B8DE8B800F28F32 /* Assets.xcassets in Resources */ = {isa = PBXBuildFile; fileRef = 0FB120992B8DE8B800F28F32 /* Assets.xcassets */; };
		0FB1209D2B8DE8B800F28F32 /* Preview Assets.xcassets in Resources */ = {isa = PBXBuildFile; fileRef = 0FB1209C2B8DE8B800F28F32 /* Preview Assets.xcassets */; };
		0FB120AE2B8DEDCA00F28F32 /* MainTabView.swift in Sources */ = {isa = PBXBuildFile; fileRef = 0FB120AD2B8DEDCA00F28F32 /* MainTabView.swift */; };
		0FB120B02B8DEEED00F28F32 /* ProfileView.swift in Sources */ = {isa = PBXBuildFile; fileRef = 0FB120AF2B8DEEED00F28F32 /* ProfileView.swift */; };
		0FB120B22B8E5DFD00F28F32 /* FeedView.swift in Sources */ = {isa = PBXBuildFile; fileRef = 0FB120B12B8E5DFD00F28F32 /* FeedView.swift */; };
		0FB120B42B8E5E0D00F28F32 /* FeedCell.swift in Sources */ = {isa = PBXBuildFile; fileRef = 0FB120B32B8E5E0D00F28F32 /* FeedCell.swift */; };
/* End PBXBuildFile section */

/* Begin PBXFileReference section */
		0F3F2F0A2B8E7B44007AC547 /* DiscoverView.swift */ = {isa = PBXFileReference; lastKnownFileType = sourcecode.swift; path = DiscoverView.swift; sourceTree = "<group>"; };
		0F3F2F0C2B8E8106007AC547 /* User.swift */ = {isa = PBXFileReference; lastKnownFileType = sourcecode.swift; path = User.swift; sourceTree = "<group>"; };
		0F3F2F0E2B8E89D1007AC547 /* CurrentProfileView.swift */ = {isa = PBXFileReference; lastKnownFileType = sourcecode.swift; path = CurrentProfileView.swift; sourceTree = "<group>"; };
		0F3F2F102B8EE191007AC547 /* AudioPosts.swift */ = {isa = PBXFileReference; lastKnownFileType = sourcecode.swift; path = AudioPosts.swift; sourceTree = "<group>"; };
		0F3F2F122B8F2F68007AC547 /* TabBar2.0.swift */ = {isa = PBXFileReference; lastKnownFileType = sourcecode.swift; path = TabBar2.0.swift; sourceTree = "<group>"; };
		0F3F2F142B8F3935007AC547 /* ColabView.swift */ = {isa = PBXFileReference; lastKnownFileType = sourcecode.swift; path = ColabView.swift; sourceTree = "<group>"; };
		0F3F2F162B8F3E24007AC547 /* Groups.swift */ = {isa = PBXFileReference; lastKnownFileType = sourcecode.swift; path = Groups.swift; sourceTree = "<group>"; };
		0F3F2F182B8F4597007AC547 /* TrackLibraryView.swift */ = {isa = PBXFileReference; lastKnownFileType = sourcecode.swift; path = TrackLibraryView.swift; sourceTree = "<group>"; };
		0F3F2F1A2B8F49CF007AC547 /* ShareAudioFile.swift */ = {isa = PBXFileReference; lastKnownFileType = sourcecode.swift; path = ShareAudioFile.swift; sourceTree = "<group>"; };
		0F3F2F1D2B8FDC98007AC547 /* MusicPlayerView.swift */ = {isa = PBXFileReference; lastKnownFileType = sourcecode.swift; path = MusicPlayerView.swift; sourceTree = "<group>"; };
		0FB120922B8DE8B700F28F32 /* BeatOven2nd.app */ = {isa = PBXFileReference; explicitFileType = wrapper.application; includeInIndex = 0; path = BeatOven2nd.app; sourceTree = BUILT_PRODUCTS_DIR; };
		0FB120952B8DE8B700F28F32 /* BeatOven2ndApp.swift */ = {isa = PBXFileReference; lastKnownFileType = sourcecode.swift; path = BeatOven2ndApp.swift; sourceTree = "<group>"; };
		0FB120972B8DE8B700F28F32 /* ContentView.swift */ = {isa = PBXFileReference; lastKnownFileType = sourcecode.swift; path = ContentView.swift; sourceTree = "<group>"; };
		0FB120992B8DE8B800F28F32 /* Assets.xcassets */ = {isa = PBXFileReference; lastKnownFileType = folder.assetcatalog; path = Assets.xcassets; sourceTree = "<group>"; };
		0FB1209C2B8DE8B800F28F32 /* Preview Assets.xcassets */ = {isa = PBXFileReference; lastKnownFileType = folder.assetcatalog; path = "Preview Assets.xcassets"; sourceTree = "<group>"; };
		0FB120AD2B8DEDCA00F28F32 /* MainTabView.swift */ = {isa = PBXFileReference; lastKnownFileType = sourcecode.swift; path = MainTabView.swift; sourceTree = "<group>"; };
		0FB120AF2B8DEEED00F28F32 /* ProfileView.swift */ = {isa = PBXFileReference; lastKnownFileType = sourcecode.swift; path = ProfileView.swift; sourceTree = "<group>"; };
		0FB120B12B8E5DFD00F28F32 /* FeedView.swift */ = {isa = PBXFileReference; lastKnownFileType = sourcecode.swift; path = FeedView.swift; sourceTree = "<group>"; };
		0FB120B32B8E5E0D00F28F32 /* FeedCell.swift */ = {isa = PBXFileReference; lastKnownFileType = sourcecode.swift; path = FeedCell.swift; sourceTree = "<group>"; };
/* End PBXFileReference section */

/* Begin PBXFrameworksBuildPhase section */
		0FB1208F2B8DE8B700F28F32 /* Frameworks */ = {
			isa = PBXFrameworksBuildPhase;
			buildActionMask = 2147483647;
			files = (
			);
			runOnlyForDeploymentPostprocessing = 0;
		};
/* End PBXFrameworksBuildPhase section */

/* Begin PBXGroup section */
		0F3F2F1C2B8FDC7F007AC547 /* Player */ = {
			isa = PBXGroup;
			children = (
				0F3F2F1D2B8FDC98007AC547 /* MusicPlayerView.swift */,
			);
			path = Player;
			sourceTree = "<group>";
		};
		0FB120892B8DE8B700F28F32 = {
			isa = PBXGroup;
			children = (
				0FB120942B8DE8B700F28F32 /* BeatOven2nd */,
				0FB120932B8DE8B700F28F32 /* Products */,
			);
			sourceTree = "<group>";
		};
		0FB120932B8DE8B700F28F32 /* Products */ = {
			isa = PBXGroup;
			children = (
				0FB120922B8DE8B700F28F32 /* BeatOven2nd.app */,
			);
			name = Products;
			sourceTree = "<group>";
		};
		0FB120942B8DE8B700F28F32 /* BeatOven2nd */ = {
			isa = PBXGroup;
			children = (
				0F3F2F1C2B8FDC7F007AC547 /* Player */,
				0FB120A72B8DEC3B00F28F32 /* Model */,
				0FB120A62B8DEC3800F28F32 /* Services */,
				0FB120A52B8DEC3500F28F32 /* Core */,
				0FB120A42B8DEC3000F28F32 /* App */,
				0FB120A32B8DEC2A00F28F32 /* Extensions */,
				0FB120972B8DE8B700F28F32 /* ContentView.swift */,
				0FB120992B8DE8B800F28F32 /* Assets.xcassets */,
				0FB1209B2B8DE8B800F28F32 /* Preview Content */,
			);
			path = BeatOven2nd;
			sourceTree = "<group>";
		};
		0FB1209B2B8DE8B800F28F32 /* Preview Content */ = {
			isa = PBXGroup;
			children = (
				0FB1209C2B8DE8B800F28F32 /* Preview Assets.xcassets */,
			);
			path = "Preview Content";
			sourceTree = "<group>";
		};
		0FB120A32B8DEC2A00F28F32 /* Extensions */ = {
			isa = PBXGroup;
			children = (
			);
			path = Extensions;
			sourceTree = "<group>";
		};
		0FB120A42B8DEC3000F28F32 /* App */ = {
			isa = PBXGroup;
			children = (
				0FB120952B8DE8B700F28F32 /* BeatOven2ndApp.swift */,
			);
			path = App;
			sourceTree = "<group>";
		};
		0FB120A52B8DEC3500F28F32 /* Core */ = {
			isa = PBXGroup;
			children = (
				0FB120AB2B8DECDF00F28F32 /* Colab */,
				0FB120A92B8DECAC00F28F32 /* Discover */,
				0FB120AA2B8DECB200F28F32 /* Feed */,
				0FB120A82B8DECA900F28F32 /* Profile */,
				0FB120AC2B8DED3F00F28F32 /* TabBar */,
			);
			name = Core;
			sourceTree = "<group>";
		};
		0FB120A62B8DEC3800F28F32 /* Services */ = {
			isa = PBXGroup;
			children = (
			);
			path = Services;
			sourceTree = "<group>";
		};
		0FB120A72B8DEC3B00F28F32 /* Model */ = {
			isa = PBXGroup;
			children = (
				0F3F2F0C2B8E8106007AC547 /* User.swift */,
				0F3F2F102B8EE191007AC547 /* AudioPosts.swift */,
				0F3F2F162B8F3E24007AC547 /* Groups.swift */,
				0F3F2F1A2B8F49CF007AC547 /* ShareAudioFile.swift */,
			);
			path = Model;
			sourceTree = "<group>";
		};
		0FB120A82B8DECA900F28F32 /* Profile */ = {
			isa = PBXGroup;
			children = (
				0FB120AF2B8DEEED00F28F32 /* ProfileView.swift */,
				0F3F2F0E2B8E89D1007AC547 /* CurrentProfileView.swift */,
			);
			name = Profile;
			sourceTree = "<group>";
		};
		0FB120A92B8DECAC00F28F32 /* Discover */ = {
			isa = PBXGroup;
			children = (
				0F3F2F0A2B8E7B44007AC547 /* DiscoverView.swift */,
			);
			name = Discover;
			sourceTree = "<group>";
		};
		0FB120AA2B8DECB200F28F32 /* Feed */ = {
			isa = PBXGroup;
			children = (
				0FB120B12B8E5DFD00F28F32 /* FeedView.swift */,
				0FB120B32B8E5E0D00F28F32 /* FeedCell.swift */,
			);
			name = Feed;
			sourceTree = "<group>";
		};
		0FB120AB2B8DECDF00F28F32 /* Colab */ = {
			isa = PBXGroup;
			children = (
				0F3F2F142B8F3935007AC547 /* ColabView.swift */,
				0F3F2F182B8F4597007AC547 /* TrackLibraryView.swift */,
			);
			name = Colab;
			sourceTree = "<group>";
		};
		0FB120AC2B8DED3F00F28F32 /* TabBar */ = {
			isa = PBXGroup;
			children = (
				0FB120AD2B8DEDCA00F28F32 /* MainTabView.swift */,
				0F3F2F122B8F2F68007AC547 /* TabBar2.0.swift */,
			);
			name = TabBar;
			sourceTree = "<group>";
		};
/* End PBXGroup section */

/* Begin PBXNativeTarget section */
		0FB120912B8DE8B700F28F32 /* BeatOven2nd */ = {
			isa = PBXNativeTarget;
			buildConfigurationList = 0FB120A02B8DE8B800F28F32 /* Build configuration list for PBXNativeTarget "BeatOven2nd" */;
			buildPhases = (
				0FB1208E2B8DE8B700F28F32 /* Sources */,
				0FB1208F2B8DE8B700F28F32 /* Frameworks */,
				0FB120902B8DE8B700F28F32 /* Resources */,
			);
			buildRules = (
			);
			dependencies = (
			);
			name = BeatOven2nd;
			productName = BeatOven2nd;
			productReference = 0FB120922B8DE8B700F28F32 /* BeatOven2nd.app */;
			productType = "com.apple.product-type.application";
		};
/* End PBXNativeTarget section */

/* Begin PBXProject section */
		0FB1208A2B8DE8B700F28F32 /* Project object */ = {
			isa = PBXProject;
			attributes = {
				BuildIndependentTargetsInParallel = 1;
				LastSwiftUpdateCheck = 1510;
				LastUpgradeCheck = 1510;
				TargetAttributes = {
					0FB120912B8DE8B700F28F32 = {
						CreatedOnToolsVersion = 15.1;
					};
				};
			};
			buildConfigurationList = 0FB1208D2B8DE8B700F28F32 /* Build configuration list for PBXProject "BeatOven2nd" */;
			compatibilityVersion = "Xcode 14.0";
			developmentRegion = en;
			hasScannedForEncodings = 0;
			knownRegions = (
				en,
				Base,
			);
			mainGroup = 0FB120892B8DE8B700F28F32;
			productRefGroup = 0FB120932B8DE8B700F28F32 /* Products */;
			projectDirPath = "";
			projectRoot = "";
			targets = (
				0FB120912B8DE8B700F28F32 /* BeatOven2nd */,
			);
		};
/* End PBXProject section */

/* Begin PBXResourcesBuildPhase section */
		0FB120902B8DE8B700F28F32 /* Resources */ = {
			isa = PBXResourcesBuildPhase;
			buildActionMask = 2147483647;
			files = (
				0FB1209D2B8DE8B800F28F32 /* Preview Assets.xcassets in Resources */,
				0FB1209A2B8DE8B800F28F32 /* Assets.xcassets in Resources */,
			);
			runOnlyForDeploymentPostprocessing = 0;
		};
/* End PBXResourcesBuildPhase section */

/* Begin PBXSourcesBuildPhase section */
		0FB1208E2B8DE8B700F28F32 /* Sources */ = {
			isa = PBXSourcesBuildPhase;
			buildActionMask = 2147483647;
			files = (
				0F3F2F112B8EE191007AC547 /* AudioPosts.swift in Sources */,
				0F3F2F1B2B8F49CF007AC547 /* ShareAudioFile.swift in Sources */,
				0FB120B22B8E5DFD00F28F32 /* FeedView.swift in Sources */,
				0F3F2F132B8F2F68007AC547 /* TabBar2.0.swift in Sources */,
				0FB120B02B8DEEED00F28F32 /* ProfileView.swift in Sources */,
				0F3F2F172B8F3E24007AC547 /* Groups.swift in Sources */,
				0FB120982B8DE8B700F28F32 /* ContentView.swift in Sources */,
				0FB120962B8DE8B700F28F32 /* BeatOven2ndApp.swift in Sources */,
				0F3F2F152B8F3935007AC547 /* ColabView.swift in Sources */,
				0F3F2F1E2B8FDC98007AC547 /* MusicPlayerView.swift in Sources */,
				0F3F2F0D2B8E8106007AC547 /* User.swift in Sources */,
				0F3F2F0B2B8E7B44007AC547 /* DiscoverView.swift in Sources */,
				0F3F2F192B8F4597007AC547 /* TrackLibraryView.swift in Sources */,
				0FB120AE2B8DEDCA00F28F32 /* MainTabView.swift in Sources */,
				0FB120B42B8E5E0D00F28F32 /* FeedCell.swift in Sources */,
				0F3F2F0F2B8E89D1007AC547 /* CurrentProfileView.swift in Sources */,
			);
			runOnlyForDeploymentPostprocessing = 0;
		};
/* End PBXSourcesBuildPhase section */

/* Begin XCBuildConfiguration section */
		0FB1209E2B8DE8B800F28F32 /* Debug */ = {
			isa = XCBuildConfiguration;
			buildSettings = {
				ALWAYS_SEARCH_USER_PATHS = NO;
				ASSETCATALOG_COMPILER_GENERATE_SWIFT_ASSET_SYMBOL_EXTENSIONS = YES;
				CLANG_ANALYZER_NONNULL = YES;
				CLANG_ANALYZER_NUMBER_OBJECT_CONVERSION = YES_AGGRESSIVE;
				CLANG_CXX_LANGUAGE_STANDARD = "gnu++20";
				CLANG_ENABLE_MODULES = YES;
				CLANG_ENABLE_OBJC_ARC = YES;
				CLANG_ENABLE_OBJC_WEAK = YES;
				CLANG_WARN_BLOCK_CAPTURE_AUTORELEASING = YES;
				CLANG_WARN_BOOL_CONVERSION = YES;
				CLANG_WARN_COMMA = YES;
				CLANG_WARN_CONSTANT_CONVERSION = YES;
				CLANG_WARN_DEPRECATED_OBJC_IMPLEMENTATIONS = YES;
				CLANG_WARN_DIRECT_OBJC_ISA_USAGE = YES_ERROR;
				CLANG_WARN_DOCUMENTATION_COMMENTS = YES;
				CLANG_WARN_EMPTY_BODY = YES;
				CLANG_WARN_ENUM_CONVERSION = YES;
				CLANG_WARN_INFINITE_RECURSION = YES;
				CLANG_WARN_INT_CONVERSION = YES;
				CLANG_WARN_NON_LITERAL_NULL_CONVERSION = YES;
				CLANG_WARN_OBJC_IMPLICIT_RETAIN_SELF = YES;
				CLANG_WARN_OBJC_LITERAL_CONVERSION = YES;
				CLANG_WARN_OBJC_ROOT_CLASS = YES_ERROR;
				CLANG_WARN_QUOTED_INCLUDE_IN_FRAMEWORK_HEADER = YES;
				CLANG_WARN_RANGE_LOOP_ANALYSIS = YES;
				CLANG_WARN_STRICT_PROTOTYPES = YES;
				CLANG_WARN_SUSPICIOUS_MOVE = YES;
				CLANG_WARN_UNGUARDED_AVAILABILITY = YES_AGGRESSIVE;
				CLANG_WARN_UNREACHABLE_CODE = YES;
				CLANG_WARN__DUPLICATE_METHOD_MATCH = YES;
				COPY_PHASE_STRIP = NO;
				DEBUG_INFORMATION_FORMAT = dwarf;
				ENABLE_STRICT_OBJC_MSGSEND = YES;
				ENABLE_TESTABILITY = YES;
				ENABLE_USER_SCRIPT_SANDBOXING = YES;
				GCC_C_LANGUAGE_STANDARD = gnu17;
				GCC_DYNAMIC_NO_PIC = NO;
				GCC_NO_COMMON_BLOCKS = YES;
				GCC_OPTIMIZATION_LEVEL = 0;
				GCC_PREPROCESSOR_DEFINITIONS = (
					"DEBUG=1",
					"$(inherited)",
				);
				GCC_WARN_64_TO_32_BIT_CONVERSION = YES;
				GCC_WARN_ABOUT_RETURN_TYPE = YES_ERROR;
				GCC_WARN_UNDECLARED_SELECTOR = YES;
				GCC_WARN_UNINITIALIZED_AUTOS = YES_AGGRESSIVE;
				GCC_WARN_UNUSED_FUNCTION = YES;
				GCC_WARN_UNUSED_VARIABLE = YES;
				IPHONEOS_DEPLOYMENT_TARGET = 17.2;
				LOCALIZATION_PREFERS_STRING_CATALOGS = YES;
				MTL_ENABLE_DEBUG_INFO = INCLUDE_SOURCE;
				MTL_FAST_MATH = YES;
				ONLY_ACTIVE_ARCH = YES;
				SDKROOT = iphoneos;
				SWIFT_ACTIVE_COMPILATION_CONDITIONS = "DEBUG $(inherited)";
				SWIFT_OPTIMIZATION_LEVEL = "-Onone";
			};
			name = Debug;
		};
		0FB1209F2B8DE8B800F28F32 /* Release */ = {
			isa = XCBuildConfiguration;
			buildSettings = {
				ALWAYS_SEARCH_USER_PATHS = NO;
				ASSETCATALOG_COMPILER_GENERATE_SWIFT_ASSET_SYMBOL_EXTENSIONS = YES;
				CLANG_ANALYZER_NONNULL = YES;
				CLANG_ANALYZER_NUMBER_OBJECT_CONVERSION = YES_AGGRESSIVE;
				CLANG_CXX_LANGUAGE_STANDARD = "gnu++20";
				CLANG_ENABLE_MODULES = YES;
				CLANG_ENABLE_OBJC_ARC = YES;
				CLANG_ENABLE_OBJC_WEAK = YES;
				CLANG_WARN_BLOCK_CAPTURE_AUTORELEASING = YES;
				CLANG_WARN_BOOL_CONVERSION = YES;
				CLANG_WARN_COMMA = YES;
				CLANG_WARN_CONSTANT_CONVERSION = YES;
				CLANG_WARN_DEPRECATED_OBJC_IMPLEMENTATIONS = YES;
				CLANG_WARN_DIRECT_OBJC_ISA_USAGE = YES_ERROR;
				CLANG_WARN_DOCUMENTATION_COMMENTS = YES;
				CLANG_WARN_EMPTY_BODY = YES;
				CLANG_WARN_ENUM_CONVERSION = YES;
				CLANG_WARN_INFINITE_RECURSION = YES;
				CLANG_WARN_INT_CONVERSION = YES;
				CLANG_WARN_NON_LITERAL_NULL_CONVERSION = YES;
				CLANG_WARN_OBJC_IMPLICIT_RETAIN_SELF = YES;
				CLANG_WARN_OBJC_LITERAL_CONVERSION = YES;
				CLANG_WARN_OBJC_ROOT_CLASS = YES_ERROR;
				CLANG_WARN_QUOTED_INCLUDE_IN_FRAMEWORK_HEADER = YES;
				CLANG_WARN_RANGE_LOOP_ANALYSIS = YES;
				CLANG_WARN_STRICT_PROTOTYPES = YES;
				CLANG_WARN_SUSPICIOUS_MOVE = YES;
				CLANG_WARN_UNGUARDED_AVAILABILITY = YES_AGGRESSIVE;
				CLANG_WARN_UNREACHABLE_CODE = YES;
				CLANG_WARN__DUPLICATE_METHOD_MATCH = YES;
				COPY_PHASE_STRIP = NO;
				DEBUG_INFORMATION_FORMAT = "dwarf-with-dsym";
				ENABLE_NS_ASSERTIONS = NO;
				ENABLE_STRICT_OBJC_MSGSEND = YES;
				ENABLE_USER_SCRIPT_SANDBOXING = YES;
				GCC_C_LANGUAGE_STANDARD = gnu17;
				GCC_NO_COMMON_BLOCKS = YES;
				GCC_WARN_64_TO_32_BIT_CONVERSION = YES;
				GCC_WARN_ABOUT_RETURN_TYPE = YES_ERROR;
				GCC_WARN_UNDECLARED_SELECTOR = YES;
				GCC_WARN_UNINITIALIZED_AUTOS = YES_AGGRESSIVE;
				GCC_WARN_UNUSED_FUNCTION = YES;
				GCC_WARN_UNUSED_VARIABLE = YES;
				IPHONEOS_DEPLOYMENT_TARGET = 17.2;
				LOCALIZATION_PREFERS_STRING_CATALOGS = YES;
				MTL_ENABLE_DEBUG_INFO = NO;
				MTL_FAST_MATH = YES;
				SDKROOT = iphoneos;
				SWIFT_COMPILATION_MODE = wholemodule;
				VALIDATE_PRODUCT = YES;
			};
			name = Release;
		};
		0FB120A12B8DE8B800F28F32 /* Debug */ = {
			isa = XCBuildConfiguration;
			buildSettings = {
				ASSETCATALOG_COMPILER_APPICON_NAME = AppIcon;
				ASSETCATALOG_COMPILER_GLOBAL_ACCENT_COLOR_NAME = AccentColor;
				CODE_SIGN_STYLE = Automatic;
				CURRENT_PROJECT_VERSION = 1;
				DEVELOPMENT_ASSET_PATHS = "\"BeatOven2nd/Preview Content\"";
				DEVELOPMENT_TEAM = RHL26U4H7P;
				ENABLE_PREVIEWS = YES;
				GENERATE_INFOPLIST_FILE = YES;
				INFOPLIST_KEY_UIApplicationSceneManifest_Generation = YES;
				INFOPLIST_KEY_UIApplicationSupportsIndirectInputEvents = YES;
				INFOPLIST_KEY_UILaunchScreen_Generation = YES;
				INFOPLIST_KEY_UISupportedInterfaceOrientations_iPad = "UIInterfaceOrientationPortrait UIInterfaceOrientationPortraitUpsideDown UIInterfaceOrientationLandscapeLeft UIInterfaceOrientationLandscapeRight";
				INFOPLIST_KEY_UISupportedInterfaceOrientations_iPhone = "UIInterfaceOrientationPortrait UIInterfaceOrientationLandscapeLeft UIInterfaceOrientationLandscapeRight";
				LD_RUNPATH_SEARCH_PATHS = (
					"$(inherited)",
					"@executable_path/Frameworks",
				);
				MARKETING_VERSION = 1.0;
				PRODUCT_BUNDLE_IDENTIFIER = in.edu.srmist.BeatOven2nd;
				PRODUCT_NAME = "$(TARGET_NAME)";
				SWIFT_EMIT_LOC_STRINGS = YES;
				SWIFT_VERSION = 5.0;
				TARGETED_DEVICE_FAMILY = "1,2";
			};
			name = Debug;
		};
		0FB120A22B8DE8B800F28F32 /* Release */ = {
			isa = XCBuildConfiguration;
			buildSettings = {
				ASSETCATALOG_COMPILER_APPICON_NAME = AppIcon;
				ASSETCATALOG_COMPILER_GLOBAL_ACCENT_COLOR_NAME = AccentColor;
				CODE_SIGN_STYLE = Automatic;
				CURRENT_PROJECT_VERSION = 1;
				DEVELOPMENT_ASSET_PATHS = "\"BeatOven2nd/Preview Content\"";
				DEVELOPMENT_TEAM = RHL26U4H7P;
				ENABLE_PREVIEWS = YES;
				GENERATE_INFOPLIST_FILE = YES;
				INFOPLIST_KEY_UIApplicationSceneManifest_Generation = YES;
				INFOPLIST_KEY_UIApplicationSupportsIndirectInputEvents = YES;
				INFOPLIST_KEY_UILaunchScreen_Generation = YES;
				INFOPLIST_KEY_UISupportedInterfaceOrientations_iPad = "UIInterfaceOrientationPortrait UIInterfaceOrientationPortraitUpsideDown UIInterfaceOrientationLandscapeLeft UIInterfaceOrientationLandscapeRight";
				INFOPLIST_KEY_UISupportedInterfaceOrientations_iPhone = "UIInterfaceOrientationPortrait UIInterfaceOrientationLandscapeLeft UIInterfaceOrientationLandscapeRight";
				LD_RUNPATH_SEARCH_PATHS = (
					"$(inherited)",
					"@executable_path/Frameworks",
				);
				MARKETING_VERSION = 1.0;
				PRODUCT_BUNDLE_IDENTIFIER = in.edu.srmist.BeatOven2nd;
				PRODUCT_NAME = "$(TARGET_NAME)";
				SWIFT_EMIT_LOC_STRINGS = YES;
				SWIFT_VERSION = 5.0;
				TARGETED_DEVICE_FAMILY = "1,2";
			};
			name = Release;
		};
/* End XCBuildConfiguration section */

/* Begin XCConfigurationList section */
		0FB1208D2B8DE8B700F28F32 /* Build configuration list for PBXProject "BeatOven2nd" */ = {
			isa = XCConfigurationList;
			buildConfigurations = (
				0FB1209E2B8DE8B800F28F32 /* Debug */,
				0FB1209F2B8DE8B800F28F32 /* Release */,
			);
			defaultConfigurationIsVisible = 0;
			defaultConfigurationName = Release;
		};
		0FB120A02B8DE8B800F28F32 /* Build configuration list for PBXNativeTarget "BeatOven2nd" */ = {
			isa = XCConfigurationList;
			buildConfigurations = (
				0FB120A12B8DE8B800F28F32 /* Debug */,
				0FB120A22B8DE8B800F28F32 /* Release */,
			);
			defaultConfigurationIsVisible = 0;
			defaultConfigurationName = Release;
		};
/* End XCConfigurationList section */
	};
	rootObject = 0FB1208A2B8DE8B700F28F32 /* Project object */;
}
